
Microsoft Visual Studio Solution File, Format Version 12.00
# Visual Studio Version 17
VisualStudioVersion = 17.0.31903.59
MinimumVisualStudioVersion = 10.0.40219.1
Project("{2150E333-8FDC-42A3-9474-1A3956D46DE8}") = "src", "src", "{2F963E0B-D726-4BC6-82C5-763D310A67F9}"
EndProject
Project("{FAE04EC0-301F-11D3-BF4B-00C04F79EFBC}") = "ThreatFusion.Gateway", "src\ThreatFusion.Gateway\ThreatFusion.Gateway.csproj", "{7EA938B9-7EA9-4EF5-AA17-E19961F81A95}"
EndProject
Project("{FAE04EC0-301F-11D3-BF4B-00C04F79EFBC}") = "ThreatFusion.FeedCollectorService", "src\ThreatFusion.FeedCollectorService\ThreatFusion.FeedCollectorService.csproj", "{1C852688-600C-4D76-8CA1-C20C92D88C7F}"
EndProject
Project("{2150E333-8FDC-42A3-9474-1A3956D46DE8}") = "Identity", "Identity", "{B0D68367-6A2C-4D22-8FAF-27F05989DA1B}"
EndProject
Project("{FAE04EC0-301F-11D3-BF4B-00C04F79EFBC}") = "ThreatFusion.Identity.Application", "src\Identity\ThreatFusion.Identity.Application\ThreatFusion.Identity.Application.csproj", "{0F978CED-4375-446F-BCC3-848E81316585}"
EndProject
Project("{FAE04EC0-301F-11D3-BF4B-00C04F79EFBC}") = "ThreatFusion.Identity.Domain", "src\Identity\ThreatFusion.Identity.Domain\ThreatFusion.Identity.Domain.csproj", "{EFEE3268-11D0-4B2C-988B-64DDC663E693}"
EndProject
Project("{FAE04EC0-301F-11D3-BF4B-00C04F79EFBC}") = "ThreatFusion.Identity.Infrastructure", "src\Identity\ThreatFusion.Identity.Infrastructure\ThreatFusion.Identity.Infrastructure.csproj", "{0F19D50B-39DD-4EC7-B276-6BC98DFE9690}"
EndProject
Project("{FAE04EC0-301F-11D3-BF4B-00C04F79EFBC}") = "ThreatFusion.Identity.API", "src\Identity\ThreatFusion.Identity.API\ThreatFusion.Identity.API.csproj", "{550F1C9A-3346-41CD-B491-F2FE96BD9217}"
EndProject
Project("{2150E333-8FDC-42A3-9474-1A3956D46DE8}") = "Threat", "Threat", "{D68B97E7-68F1-4AAF-816A-14BBB1C1E3F5}"
EndProject
Project("{FAE04EC0-301F-11D3-BF4B-00C04F79EFBC}") = "ThreatFusion.Threat.API", "src\Threat\ThreatFusion.Threat.API\ThreatFusion.Threat.API.csproj", "{179E6C0C-32AD-4B86-8FF2-40F522897D26}"
EndProject
Project("{FAE04EC0-301F-11D3-BF4B-00C04F79EFBC}") = "ThreatFusion.Threat.Application", "src\Threat\ThreatFusion.Threat.Application\ThreatFusion.Threat.Application.csproj", "{9B9D4432-E238-4776-8E83-D89D7017DD17}"
EndProject
Project("{FAE04EC0-301F-11D3-BF4B-00C04F79EFBC}") = "ThreatFusion.Threat.Domain", "src\Threat\ThreatFusion.Threat.Domain\ThreatFusion.Threat.Domain.csproj", "{7F5E58B3-AAEA-4415-AA4A-14DCA590C54A}"
EndProject
Project("{FAE04EC0-301F-11D3-BF4B-00C04F79EFBC}") = "ThreatFusion.Threat.Infrastructure", "src\Threat\ThreatFusion.Threat.Infrastructure\ThreatFusion.Threat.Infrastructure.csproj", "{00AA2E17-165D-4B43-B55A-A2364CF2084F}"
EndProject
Project("{2150E333-8FDC-42A3-9474-1A3956D46DE8}") = "tests", "tests", "{D7179906-A043-4A2B-B084-C2A780ABDE78}"
EndProject
Project("{FAE04EC0-301F-11D3-BF4B-00C04F79EFBC}") = "ThreatFusion.Threat.IntegrationTests", "tests\ThreatFusion.Threat.IntegrationTests\ThreatFusion.Threat.IntegrationTests.csproj", "{989662A7-CC57-4FAA-9060-BF15B651A4B4}"
EndProject
Global
	GlobalSection(SolutionConfigurationPlatforms) = preSolution
		Debug|Any CPU = Debug|Any CPU
		Release|Any CPU = Release|Any CPU
	EndGlobalSection
	GlobalSection(SolutionProperties) = preSolution
		HideSolutionNode = FALSE
	EndGlobalSection
	GlobalSection(ProjectConfigurationPlatforms) = postSolution
		{7EA938B9-7EA9-4EF5-AA17-E19961F81A95}.Debug|Any CPU.ActiveCfg = Debug|Any CPU
		{7EA938B9-7EA9-4EF5-AA17-E19961F81A95}.Debug|Any CPU.Build.0 = Debug|Any CPU
		{7EA938B9-7EA9-4EF5-AA17-E19961F81A95}.Release|Any CPU.ActiveCfg = Release|Any CPU
		{7EA938B9-7EA9-4EF5-AA17-E19961F81A95}.Release|Any CPU.Build.0 = Release|Any CPU
		{1C852688-600C-4D76-8CA1-C20C92D88C7F}.Debug|Any CPU.ActiveCfg = Debug|Any CPU
		{1C852688-600C-4D76-8CA1-C20C92D88C7F}.Debug|Any CPU.Build.0 = Debug|Any CPU
		{1C852688-600C-4D76-8CA1-C20C92D88C7F}.Release|Any CPU.ActiveCfg = Release|Any CPU
		{1C852688-600C-4D76-8CA1-C20C92D88C7F}.Release|Any CPU.Build.0 = Release|Any CPU
		{0F978CED-4375-446F-BCC3-848E81316585}.Debug|Any CPU.ActiveCfg = Debug|Any CPU
		{0F978CED-4375-446F-BCC3-848E81316585}.Debug|Any CPU.Build.0 = Debug|Any CPU
		{0F978CED-4375-446F-BCC3-848E81316585}.Release|Any CPU.ActiveCfg = Release|Any CPU
		{0F978CED-4375-446F-BCC3-848E81316585}.Release|Any CPU.Build.0 = Release|Any CPU
		{EFEE3268-11D0-4B2C-988B-64DDC663E693}.Debug|Any CPU.ActiveCfg = Debug|Any CPU
		{EFEE3268-11D0-4B2C-988B-64DDC663E693}.Debug|Any CPU.Build.0 = Debug|Any CPU
		{EFEE3268-11D0-4B2C-988B-64DDC663E693}.Release|Any CPU.ActiveCfg = Release|Any CPU
		{EFEE3268-11D0-4B2C-988B-64DDC663E693}.Release|Any CPU.Build.0 = Release|Any CPU
		{0F19D50B-39DD-4EC7-B276-6BC98DFE9690}.Debug|Any CPU.ActiveCfg = Debug|Any CPU
		{0F19D50B-39DD-4EC7-B276-6BC98DFE9690}.Debug|Any CPU.Build.0 = Debug|Any CPU
		{0F19D50B-39DD-4EC7-B276-6BC98DFE9690}.Release|Any CPU.ActiveCfg = Release|Any CPU
		{0F19D50B-39DD-4EC7-B276-6BC98DFE9690}.Release|Any CPU.Build.0 = Release|Any CPU
		{550F1C9A-3346-41CD-B491-F2FE96BD9217}.Debug|Any CPU.ActiveCfg = Debug|Any CPU
		{550F1C9A-3346-41CD-B491-F2FE96BD9217}.Debug|Any CPU.Build.0 = Debug|Any CPU
		{550F1C9A-3346-41CD-B491-F2FE96BD9217}.Release|Any CPU.ActiveCfg = Release|Any CPU
		{550F1C9A-3346-41CD-B491-F2FE96BD9217}.Release|Any CPU.Build.0 = Release|Any CPU
		{179E6C0C-32AD-4B86-8FF2-40F522897D26}.Debug|Any CPU.ActiveCfg = Debug|Any CPU
		{179E6C0C-32AD-4B86-8FF2-40F522897D26}.Debug|Any CPU.Build.0 = Debug|Any CPU
		{179E6C0C-32AD-4B86-8FF2-40F522897D26}.Release|Any CPU.ActiveCfg = Release|Any CPU
		{179E6C0C-32AD-4B86-8FF2-40F522897D26}.Release|Any CPU.Build.0 = Release|Any CPU
		{9B9D4432-E238-4776-8E83-D89D7017DD17}.Debug|Any CPU.ActiveCfg = Debug|Any CPU
		{9B9D4432-E238-4776-8E83-D89D7017DD17}.Debug|Any CPU.Build.0 = Debug|Any CPU
		{9B9D4432-E238-4776-8E83-D89D7017DD17}.Release|Any CPU.ActiveCfg = Release|Any CPU
		{9B9D4432-E238-4776-8E83-D89D7017DD17}.Release|Any CPU.Build.0 = Release|Any CPU
		{7F5E58B3-AAEA-4415-AA4A-14DCA590C54A}.Debug|Any CPU.ActiveCfg = Debug|Any CPU
		{7F5E58B3-AAEA-4415-AA4A-14DCA590C54A}.Debug|Any CPU.Build.0 = Debug|Any CPU
		{7F5E58B3-AAEA-4415-AA4A-14DCA590C54A}.Release|Any CPU.ActiveCfg = Release|Any CPU
		{7F5E58B3-AAEA-4415-AA4A-14DCA590C54A}.Release|Any CPU.Build.0 = Release|Any CPU
		{00AA2E17-165D-4B43-B55A-A2364CF2084F}.Debug|Any CPU.ActiveCfg = Debug|Any CPU
		{00AA2E17-165D-4B43-B55A-A2364CF2084F}.Debug|Any CPU.Build.0 = Debug|Any CPU
		{00AA2E17-165D-4B43-B55A-A2364CF2084F}.Release|Any CPU.ActiveCfg = Release|Any CPU
		{00AA2E17-165D-4B43-B55A-A2364CF2084F}.Release|Any CPU.Build.0 = Release|Any CPU
		{989662A7-CC57-4FAA-9060-BF15B651A4B4}.Debug|Any CPU.ActiveCfg = Debug|Any CPU
		{989662A7-CC57-4FAA-9060-BF15B651A4B4}.Debug|Any CPU.Build.0 = Debug|Any CPU
		{989662A7-CC57-4FAA-9060-BF15B651A4B4}.Release|Any CPU.ActiveCfg = Release|Any CPU
		{989662A7-CC57-4FAA-9060-BF15B651A4B4}.Release|Any CPU.Build.0 = Release|Any CPU
	EndGlobalSection
	GlobalSection(NestedProjects) = preSolution
		{7EA938B9-7EA9-4EF5-AA17-E19961F81A95} = {2F963E0B-D726-4BC6-82C5-763D310A67F9}
		{1C852688-600C-4D76-8CA1-C20C92D88C7F} = {2F963E0B-D726-4BC6-82C5-763D310A67F9}
		{B0D68367-6A2C-4D22-8FAF-27F05989DA1B} = {2F963E0B-D726-4BC6-82C5-763D310A67F9}
		{0F978CED-4375-446F-BCC3-848E81316585} = {B0D68367-6A2C-4D22-8FAF-27F05989DA1B}
		{EFEE3268-11D0-4B2C-988B-64DDC663E693} = {B0D68367-6A2C-4D22-8FAF-27F05989DA1B}
		{0F19D50B-39DD-4EC7-B276-6BC98DFE9690} = {B0D68367-6A2C-4D22-8FAF-27F05989DA1B}
		{550F1C9A-3346-41CD-B491-F2FE96BD9217} = {B0D68367-6A2C-4D22-8FAF-27F05989DA1B}
		{D68B97E7-68F1-4AAF-816A-14BBB1C1E3F5} = {2F963E0B-D726-4BC6-82C5-763D310A67F9}
		{179E6C0C-32AD-4B86-8FF2-40F522897D26} = {D68B97E7-68F1-4AAF-816A-14BBB1C1E3F5}
		{9B9D4432-E238-4776-8E83-D89D7017DD17} = {D68B97E7-68F1-4AAF-816A-14BBB1C1E3F5}
		{7F5E58B3-AAEA-4415-AA4A-14DCA590C54A} = {D68B97E7-68F1-4AAF-816A-14BBB1C1E3F5}
		{00AA2E17-165D-4B43-B55A-A2364CF2084F} = {D68B97E7-68F1-4AAF-816A-14BBB1C1E3F5}
		{989662A7-CC57-4FAA-9060-BF15B651A4B4} = {D7179906-A043-4A2B-B084-C2A780ABDE78}
	EndGlobalSection
EndGlobal
